
Microsoft Visual Studio Solution File, Format Version 12.00
# Visual Studio 2013
VisualStudioVersion = 12.0.30501.0
MinimumVisualStudioVersion = 10.0.40219.1
Project("{FAE04EC0-301F-11D3-BF4B-00C04F79EFBC}") = "GlyphTest", "GlyphTest.csproj", "{A1C34F00-D632-4EB5-B4F8-0CDDD7D9AF6F}"
EndProject
Global
	GlobalSection(SolutionConfigurationPlatforms) = preSolution
		Debug|Any CPU = Debug|Any CPU
		Release|Any CPU = Release|Any CPU
	EndGlobalSection
	GlobalSection(ProjectConfigurationPlatforms) = postSolution
		{A1C34F00-D632-4EB5-B4F8-0CDDD7D9AF6F}.Debug|Any CPU.ActiveCfg = Debug|Any CPU
		{A1C34F00-D632-4EB5-B4F8-0CDDD7D9AF6F}.Debug|Any CPU.Build.0 = Debug|Any CPU
		{A1C34F00-D632-4EB5-B4F8-0CDDD7D9AF6F}.Release|Any CPU.ActiveCfg = Release|Any CPU
		{A1C34F00-D632-4EB5-B4F8-0CDDD7D9AF6F}.Release|Any CPU.Build.0 = Release|Any CPU
	EndGlobalSection
	GlobalSection(SolutionProperties) = preSolution
		HideSolutionNode = FALSE
	EndGlobalSection
EndGlobal
